PODS:
  - AFNetworking (3.2.1):
    - AFNetworking/NSURLSession (= 3.2.1)
    - AFNetworking/Reachability (= 3.2.1)
    - AFNetworking/Security (= 3.2.1)
    - AFNetworking/Serialization (= 3.2.1)
    - AFNetworking/UIKit (= 3.2.1)
  - AFNetworking/NSURLSession (3.2.1):
    - AFNetworking/Reachability
    - AFNetworking/Security
    - AFNetworking/Serialization
  - AFNetworking/Reachability (3.2.1)
  - AFNetworking/Security (3.2.1)
  - AFNetworking/Serialization (3.2.1)
  - AFNetworking/UIKit (3.2.1):
    - AFNetworking/NSURLSession
  - DroiCoreSDK (1.1.2714)

DEPENDENCIES:
  - AFNetworking
  - DroiCoreSDK

SPEC REPOS:
  https://github.com/cocoapods/specs.git:
    - AFNetworking
    - DroiCoreSDK

SPEC CHECKSUMS:
  AFNetworking: b6f891fdfaed196b46c7a83cf209e09697b94057
  DroiCoreSDK: 0742c3b261d83b0bb469607d117f003be861304f

PODFILE CHECKSUM: f6503f52b26522b5c043abf83221307365bc86a1

COCOAPODS: 1.5.3
